
Microsoft Visual Studio Solution File, Format Version 12.00
# Visual Studio 15
VisualStudioVersion = 15.0.28307.1300
MinimumVisualStudioVersion = 10.0.40219.1
Project("{FAE04EC0-301F-11D3-BF4B-00C04F79EFBC}") = "SampleWinApp", "SampleWinApp\SampleWinApp.csproj", "{C0A2E2E8-1FA6-48B8-8FFF-1CF315830B2F}"
EndProject
Global
	GlobalSection(SolutionConfigurationPlatforms) = preSolution
		Debug|Any CPU = Debug|Any CPU
		Release|Any CPU = Release|Any CPU
	EndGlobalSection
	GlobalSection(ProjectConfigurationPlatforms) = postSolution
		{C0A2E2E8-1FA6-48B8-8FFF-1CF315830B2F}.Debug|Any CPU.ActiveCfg = Debug|Any CPU
		{C0A2E2E8-1FA6-48B8-8FFF-1CF315830B2F}.Debug|Any CPU.Build.0 = Debug|Any CPU
		{C0A2E2E8-1FA6-48B8-8FFF-1CF315830B2F}.Release|Any CPU.ActiveCfg = Release|Any CPU
		{C0A2E2E8-1FA6-48B8-8FFF-1CF315830B2F}.Release|Any CPU.Build.0 = Release|Any CPU
	EndGlobalSection
	GlobalSection(SolutionProperties) = preSolution
		HideSolutionNode = FALSE
	EndGlobalSection
	GlobalSection(ExtensibilityGlobals) = postSolution
		SolutionGuid = {54CF481B-1D6C-4C67-B446-EE57F7102BD0}
	EndGlobalSection
EndGlobal
