
Microsoft Visual Studio Solution File, Format Version 12.00
# Visual Studio Version 16
VisualStudioVersion = 16.0.32802.440
MinimumVisualStudioVersion = 10.0.40219.1
Project("{FAE04EC0-301F-11D3-BF4B-00C04F79EFBC}") = "JIEJIE.NET.Console", "JIEJIE.NET.Console.csproj", "{F6AEC05F-9E21-436A-B4A1-A521F6E09FB8}"
EndProject
Project("{FAE04EC0-301F-11D3-BF4B-00C04F79EFBC}") = "JIEJIE.NET.GUI", "JIEJIE.NET.GUI.csproj", "{F6AEC05F-9E21-436A-B4A1-A521F6E09FB9}"
EndProject
Global
	GlobalSection(SolutionConfigurationPlatforms) = preSolution
		Debug|Any CPU = Debug|Any CPU
		Debug|x86 = Debug|x86
		Release|Any CPU = Release|Any CPU
		Release|x86 = Release|x86
	EndGlobalSection
	GlobalSection(ProjectConfigurationPlatforms) = postSolution
		{F6AEC05F-9E21-436A-B4A1-A521F6E09FB8}.Debug|Any CPU.ActiveCfg = Debug|Any CPU
		{F6AEC05F-9E21-436A-B4A1-A521F6E09FB8}.Debug|Any CPU.Build.0 = Debug|Any CPU
		{F6AEC05F-9E21-436A-B4A1-A521F6E09FB8}.Debug|x86.ActiveCfg = Debug|Any CPU
		{F6AEC05F-9E21-436A-B4A1-A521F6E09FB8}.Debug|x86.Build.0 = Debug|Any CPU
		{F6AEC05F-9E21-436A-B4A1-A521F6E09FB8}.Release|Any CPU.ActiveCfg = Release|Any CPU
		{F6AEC05F-9E21-436A-B4A1-A521F6E09FB8}.Release|Any CPU.Build.0 = Release|Any CPU
		{F6AEC05F-9E21-436A-B4A1-A521F6E09FB8}.Release|x86.ActiveCfg = Release|Any CPU
		{F6AEC05F-9E21-436A-B4A1-A521F6E09FB8}.Release|x86.Build.0 = Release|Any CPU
		{F6AEC05F-9E21-436A-B4A1-A521F6E09FB9}.Debug|Any CPU.ActiveCfg = Debug|Any CPU
		{F6AEC05F-9E21-436A-B4A1-A521F6E09FB9}.Debug|Any CPU.Build.0 = Debug|Any CPU
		{F6AEC05F-9E21-436A-B4A1-A521F6E09FB9}.Debug|x86.ActiveCfg = Debug|Any CPU
		{F6AEC05F-9E21-436A-B4A1-A521F6E09FB9}.Debug|x86.Build.0 = Debug|Any CPU
		{F6AEC05F-9E21-436A-B4A1-A521F6E09FB9}.Release|Any CPU.ActiveCfg = Release|Any CPU
		{F6AEC05F-9E21-436A-B4A1-A521F6E09FB9}.Release|Any CPU.Build.0 = Release|Any CPU
		{F6AEC05F-9E21-436A-B4A1-A521F6E09FB9}.Release|x86.ActiveCfg = Release|Any CPU
		{F6AEC05F-9E21-436A-B4A1-A521F6E09FB9}.Release|x86.Build.0 = Release|Any CPU
	EndGlobalSection
	GlobalSection(SolutionProperties) = preSolution
		HideSolutionNode = FALSE
	EndGlobalSection
	GlobalSection(ExtensibilityGlobals) = postSolution
		SolutionGuid = {9D18D5EB-D3FD-4AC2-83D7-824C432FB9EE}
	EndGlobalSection
EndGlobal
